
Microsoft Visual Studio Solution File, Format Version 12.00
# Visual Studio Version 17
VisualStudioVersion = 17.3.32922.545
MinimumVisualStudioVersion = 10.0.40219.1
Project("{FAE04EC0-301F-11D3-BF4B-00C04F79EFBC}") = "EJERCICIO 2  SUMA", "EJERCICIO 2  SUMA\EJERCICIO 2  SUMA.csproj", "{0F052306-F799-4842-B6E6-92E34919B113}"
EndProject
Global
	GlobalSection(SolutionConfigurationPlatforms) = preSolution
		Debug|Any CPU = Debug|Any CPU
		Release|Any CPU = Release|Any CPU
	EndGlobalSection
	GlobalSection(ProjectConfigurationPlatforms) = postSolution
		{0F052306-F799-4842-B6E6-92E34919B113}.Debug|Any CPU.ActiveCfg = Debug|Any CPU
		{0F052306-F799-4842-B6E6-92E34919B113}.Debug|Any CPU.Build.0 = Debug|Any CPU
		{0F052306-F799-4842-B6E6-92E34919B113}.Release|Any CPU.ActiveCfg = Release|Any CPU
		{0F052306-F799-4842-B6E6-92E34919B113}.Release|Any CPU.Build.0 = Release|Any CPU
	EndGlobalSection
	GlobalSection(SolutionProperties) = preSolution
		HideSolutionNode = FALSE
	EndGlobalSection
	GlobalSection(ExtensibilityGlobals) = postSolution
		SolutionGuid = {2AF5A13A-36BD-4419-B8CD-0DB2C5F978CE}
	EndGlobalSection
EndGlobal
